
Microsoft Visual Studio Solution File, Format Version 12.00
# Visual Studio Version 17
VisualStudioVersion = 17.11.35208.52
MinimumVisualStudioVersion = 10.0.40219.1
Project("{9A19103F-16F7-4668-BE54-9A1E7A4F7556}") = "KoOrderRegister", "KoOrderRegister.csproj", "{08106511-96F4-4F23-B0FD-E32D5833FE74}"
EndProject
Global
	GlobalSection(SolutionConfigurationPlatforms) = preSolution
		Debug|Any CPU = Debug|Any CPU
		Debug|ARM64 = Debug|ARM64
		Debug|x64 = Debug|x64
		DEV|Any CPU = DEV|Any CPU
		DEV|ARM64 = DEV|ARM64
		DEV|x64 = DEV|x64
		DevBuild|Any CPU = DevBuild|Any CPU
		DevBuild|ARM64 = DevBuild|ARM64
		DevBuild|x64 = DevBuild|x64
		Release|Any CPU = Release|Any CPU
		Release|ARM64 = Release|ARM64
		Release|x64 = Release|x64
	EndGlobalSection
	GlobalSection(ProjectConfigurationPlatforms) = postSolution
		{08106511-96F4-4F23-B0FD-E32D5833FE74}.Debug|Any CPU.ActiveCfg = Debug|Any CPU
		{08106511-96F4-4F23-B0FD-E32D5833FE74}.Debug|Any CPU.Build.0 = Debug|Any CPU
		{08106511-96F4-4F23-B0FD-E32D5833FE74}.Debug|Any CPU.Deploy.0 = Debug|Any CPU
		{08106511-96F4-4F23-B0FD-E32D5833FE74}.Debug|ARM64.ActiveCfg = Debug|ARM64
		{08106511-96F4-4F23-B0FD-E32D5833FE74}.Debug|ARM64.Build.0 = Debug|ARM64
		{08106511-96F4-4F23-B0FD-E32D5833FE74}.Debug|ARM64.Deploy.0 = Debug|ARM64
		{08106511-96F4-4F23-B0FD-E32D5833FE74}.Debug|x64.ActiveCfg = Debug|x64
		{08106511-96F4-4F23-B0FD-E32D5833FE74}.Debug|x64.Build.0 = Debug|x64
		{08106511-96F4-4F23-B0FD-E32D5833FE74}.Debug|x64.Deploy.0 = Debug|x64
		{08106511-96F4-4F23-B0FD-E32D5833FE74}.DEV|Any CPU.ActiveCfg = DEV|Any CPU
		{08106511-96F4-4F23-B0FD-E32D5833FE74}.DEV|Any CPU.Build.0 = DEV|Any CPU
		{08106511-96F4-4F23-B0FD-E32D5833FE74}.DEV|Any CPU.Deploy.0 = DEV|Any CPU
		{08106511-96F4-4F23-B0FD-E32D5833FE74}.DEV|ARM64.ActiveCfg = DEV|Any CPU
		{08106511-96F4-4F23-B0FD-E32D5833FE74}.DEV|ARM64.Build.0 = DEV|Any CPU
		{08106511-96F4-4F23-B0FD-E32D5833FE74}.DEV|ARM64.Deploy.0 = DEV|Any CPU
		{08106511-96F4-4F23-B0FD-E32D5833FE74}.DEV|x64.ActiveCfg = DEV|Any CPU
		{08106511-96F4-4F23-B0FD-E32D5833FE74}.DEV|x64.Build.0 = DEV|Any CPU
		{08106511-96F4-4F23-B0FD-E32D5833FE74}.DEV|x64.Deploy.0 = DEV|Any CPU
		{08106511-96F4-4F23-B0FD-E32D5833FE74}.DevBuild|Any CPU.ActiveCfg = DevBuild|Any CPU
		{08106511-96F4-4F23-B0FD-E32D5833FE74}.DevBuild|Any CPU.Build.0 = DevBuild|Any CPU
		{08106511-96F4-4F23-B0FD-E32D5833FE74}.DevBuild|Any CPU.Deploy.0 = DevBuild|Any CPU
		{08106511-96F4-4F23-B0FD-E32D5833FE74}.DevBuild|ARM64.ActiveCfg = DevBuild|Any CPU
		{08106511-96F4-4F23-B0FD-E32D5833FE74}.DevBuild|ARM64.Build.0 = DevBuild|Any CPU
		{08106511-96F4-4F23-B0FD-E32D5833FE74}.DevBuild|ARM64.Deploy.0 = DevBuild|Any CPU
		{08106511-96F4-4F23-B0FD-E32D5833FE74}.DevBuild|x64.ActiveCfg = DevBuild|Any CPU
		{08106511-96F4-4F23-B0FD-E32D5833FE74}.DevBuild|x64.Build.0 = DevBuild|Any CPU
		{08106511-96F4-4F23-B0FD-E32D5833FE74}.DevBuild|x64.Deploy.0 = DevBuild|Any CPU
		{08106511-96F4-4F23-B0FD-E32D5833FE74}.Release|Any CPU.ActiveCfg = Release|Any CPU
		{08106511-96F4-4F23-B0FD-E32D5833FE74}.Release|Any CPU.Build.0 = Release|Any CPU
		{08106511-96F4-4F23-B0FD-E32D5833FE74}.Release|Any CPU.Deploy.0 = Release|Any CPU
		{08106511-96F4-4F23-B0FD-E32D5833FE74}.Release|ARM64.ActiveCfg = Release|ARM64
		{08106511-96F4-4F23-B0FD-E32D5833FE74}.Release|ARM64.Build.0 = Release|ARM64
		{08106511-96F4-4F23-B0FD-E32D5833FE74}.Release|ARM64.Deploy.0 = Release|ARM64
		{08106511-96F4-4F23-B0FD-E32D5833FE74}.Release|x64.ActiveCfg = Release|x64
		{08106511-96F4-4F23-B0FD-E32D5833FE74}.Release|x64.Build.0 = Release|x64
		{08106511-96F4-4F23-B0FD-E32D5833FE74}.Release|x64.Deploy.0 = Release|x64
	EndGlobalSection
	GlobalSection(SolutionProperties) = preSolution
		HideSolutionNode = FALSE
	EndGlobalSection
	GlobalSection(ExtensibilityGlobals) = postSolution
		SolutionGuid = {FED8D9E7-E9CF-44CE-BB08-1189D1AAB99F}
	EndGlobalSection
EndGlobal
